
Microsoft Visual Studio Solution File, Format Version 12.00
# Visual Studio Version 16
VisualStudioVersion = 25.0.1705.3
MinimumVisualStudioVersion = 10.0.40219.1
Project("{FAE04EC0-301F-11D3-BF4B-00C04F79EFBC}") = "eTickets", "eTickets\eTickets.csproj", "{4C6E5D41-32E5-4605-8529-20E053E0EBBB}"
EndProject
Global
	GlobalSection(SolutionConfigurationPlatforms) = preSolution
		Debug|Any CPU = Debug|Any CPU
		Release|Any CPU = Release|Any CPU
	EndGlobalSection
	GlobalSection(ProjectConfigurationPlatforms) = postSolution
		{4C6E5D41-32E5-4605-8529-20E053E0EBBB}.Debug|Any CPU.ActiveCfg = Debug|Any CPU
		{4C6E5D41-32E5-4605-8529-20E053E0EBBB}.Debug|Any CPU.Build.0 = Debug|Any CPU
		{4C6E5D41-32E5-4605-8529-20E053E0EBBB}.Release|Any CPU.ActiveCfg = Release|Any CPU
		{4C6E5D41-32E5-4605-8529-20E053E0EBBB}.Release|Any CPU.Build.0 = Release|Any CPU
	EndGlobalSection
	GlobalSection(SolutionProperties) = preSolution
		HideSolutionNode = FALSE
	EndGlobalSection
	GlobalSection(ExtensibilityGlobals) = postSolution
		SolutionGuid = {F0472DA1-62D2-402B-AEA6-132AF8553611}
	EndGlobalSection
EndGlobal
